
Microsoft Visual Studio Solution File, Format Version 12.00
# Visual Studio 15
VisualStudioVersion = 15.0.28307.421
MinimumVisualStudioVersion = 10.0.40219.1
Project("{FAE04EC0-301F-11D3-BF4B-00C04F79EFBC}") = "SqueakyCleanEnergy.Android", "SqueakyCleanEnergy\SqueakyCleanEnergy.Android\SqueakyCleanEnergy.Android.csproj", "{0B6E7D0B-68DA-4469-9462-62DA5A32F50D}"
EndProject
Project("{FAE04EC0-301F-11D3-BF4B-00C04F79EFBC}") = "SqueakyCleanEnergy.iOS", "SqueakyCleanEnergy\SqueakyCleanEnergy.iOS\SqueakyCleanEnergy.iOS.csproj", "{3D492793-F05F-453B-83BF-935F89999E57}"
EndProject
Project("{FAE04EC0-301F-11D3-BF4B-00C04F79EFBC}") = "SqueakyCleanEnergy.UWP", "SqueakyCleanEnergy\SqueakyCleanEnergy.UWP\SqueakyCleanEnergy.UWP.csproj", "{AF584941-5FC8-400D-9455-367344A7611A}"
EndProject
Project("{FAE04EC0-301F-11D3-BF4B-00C04F79EFBC}") = "SqueakyCleanEnergy", "SqueakyCleanEnergy\SqueakyCleanEnergy\SqueakyCleanEnergy.csproj", "{68DD05E6-D918-40DD-9E96-5DB6C6DF71F0}"
EndProject
Global
	GlobalSection(SolutionConfigurationPlatforms) = preSolution
		Ad-Hoc|Any CPU = Ad-Hoc|Any CPU
		Ad-Hoc|ARM = Ad-Hoc|ARM
		Ad-Hoc|iPhone = Ad-Hoc|iPhone
		Ad-Hoc|iPhoneSimulator = Ad-Hoc|iPhoneSimulator
		Ad-Hoc|x64 = Ad-Hoc|x64
		Ad-Hoc|x86 = Ad-Hoc|x86
		AppStore|Any CPU = AppStore|Any CPU
		AppStore|ARM = AppStore|ARM
		AppStore|iPhone = AppStore|iPhone
		AppStore|iPhoneSimulator = AppStore|iPhoneSimulator
		AppStore|x64 = AppStore|x64
		AppStore|x86 = AppStore|x86
		Debug|Any CPU = Debug|Any CPU
		Debug|ARM = Debug|ARM
		Debug|iPhone = Debug|iPhone
		Debug|iPhoneSimulator = Debug|iPhoneSimulator
		Debug|x64 = Debug|x64
		Debug|x86 = Debug|x86
		Release|Any CPU = Release|Any CPU
		Release|ARM = Release|ARM
		Release|iPhone = Release|iPhone
		Release|iPhoneSimulator = Release|iPhoneSimulator
		Release|x64 = Release|x64
		Release|x86 = Release|x86
	EndGlobalSection
	GlobalSection(ProjectConfigurationPlatforms) = postSolution
		{0B6E7D0B-68DA-4469-9462-62DA5A32F50D}.Ad-Hoc|Any CPU.ActiveCfg = Release|Any CPU
		{0B6E7D0B-68DA-4469-9462-62DA5A32F50D}.Ad-Hoc|Any CPU.Build.0 = Release|Any CPU
		{0B6E7D0B-68DA-4469-9462-62DA5A32F50D}.Ad-Hoc|Any CPU.Deploy.0 = Release|Any CPU
		{0B6E7D0B-68DA-4469-9462-62DA5A32F50D}.Ad-Hoc|ARM.ActiveCfg = Release|Any CPU
		{0B6E7D0B-68DA-4469-9462-62DA5A32F50D}.Ad-Hoc|ARM.Build.0 = Release|Any CPU
		{0B6E7D0B-68DA-4469-9462-62DA5A32F50D}.Ad-Hoc|ARM.Deploy.0 = Release|Any CPU
		{0B6E7D0B-68DA-4469-9462-62DA5A32F50D}.Ad-Hoc|iPhone.ActiveCfg = Release|Any CPU
		{0B6E7D0B-68DA-4469-9462-62DA5A32F50D}.Ad-Hoc|iPhone.Build.0 = Release|Any CPU
		{0B6E7D0B-68DA-4469-9462-62DA5A32F50D}.Ad-Hoc|iPhone.Deploy.0 = Release|Any CPU
		{0B6E7D0B-68DA-4469-9462-62DA5A32F50D}.Ad-Hoc|iPhoneSimulator.ActiveCfg = Release|Any CPU
		{0B6E7D0B-68DA-4469-9462-62DA5A32F50D}.Ad-Hoc|iPhoneSimulator.Build.0 = Release|Any CPU
		{0B6E7D0B-68DA-4469-9462-62DA5A32F50D}.Ad-Hoc|iPhoneSimulator.Deploy.0 = Release|Any CPU
		{0B6E7D0B-68DA-4469-9462-62DA5A32F50D}.Ad-Hoc|x64.ActiveCfg = Release|Any CPU
		{0B6E7D0B-68DA-4469-9462-62DA5A32F50D}.Ad-Hoc|x64.Build.0 = Release|Any CPU
		{0B6E7D0B-68DA-4469-9462-62DA5A32F50D}.Ad-Hoc|x64.Deploy.0 = Release|Any CPU
		{0B6E7D0B-68DA-4469-9462-62DA5A32F50D}.Ad-Hoc|x86.ActiveCfg = Release|Any CPU
		{0B6E7D0B-68DA-4469-9462-62DA5A32F50D}.Ad-Hoc|x86.Build.0 = Release|Any CPU
		{0B6E7D0B-68DA-4469-9462-62DA5A32F50D}.Ad-Hoc|x86.Deploy.0 = Release|Any CPU
		{0B6E7D0B-68DA-4469-9462-62DA5A32F50D}.AppStore|Any CPU.ActiveCfg = Release|Any CPU
		{0B6E7D0B-68DA-4469-9462-62DA5A32F50D}.AppStore|Any CPU.Build.0 = Release|Any CPU
		{0B6E7D0B-68DA-4469-9462-62DA5A32F50D}.AppStore|Any CPU.Deploy.0 = Release|Any CPU
		{0B6E7D0B-68DA-4469-9462-62DA5A32F50D}.AppStore|ARM.ActiveCfg = Release|Any CPU
		{0B6E7D0B-68DA-4469-9462-62DA5A32F50D}.AppStore|ARM.Build.0 = Release|Any CPU
		{0B6E7D0B-68DA-4469-9462-62DA5A32F50D}.AppStore|ARM.Deploy.0 = Release|Any CPU
		{0B6E7D0B-68DA-4469-9462-62DA5A32F50D}.AppStore|iPhone.ActiveCfg = Release|Any CPU
		{0B6E7D0B-68DA-4469-9462-62DA5A32F50D}.AppStore|iPhone.Build.0 = Release|Any CPU
		{0B6E7D0B-68DA-4469-9462-62DA5A32F50D}.AppStore|iPhone.Deploy.0 = Release|Any CPU
		{0B6E7D0B-68DA-4469-9462-62DA5A32F50D}.AppStore|iPhoneSimulator.ActiveCfg = Release|Any CPU
		{0B6E7D0B-68DA-4469-9462-62DA5A32F50D}.AppStore|iPhoneSimulator.Build.0 = Release|Any CPU
		{0B6E7D0B-68DA-4469-9462-62DA5A32F50D}.AppStore|iPhoneSimulator.Deploy.0 = Release|Any CPU
		{0B6E7D0B-68DA-4469-9462-62DA5A32F50D}.AppStore|x64.ActiveCfg = Release|Any CPU
		{0B6E7D0B-68DA-4469-9462-62DA5A32F50D}.AppStore|x64.Build.0 = Release|Any CPU
		{0B6E7D0B-68DA-4469-9462-62DA5A32F50D}.AppStore|x64.Deploy.0 = Release|Any CPU
		{0B6E7D0B-68DA-4469-9462-62DA5A32F50D}.AppStore|x86.ActiveCfg = Release|Any CPU
		{0B6E7D0B-68DA-4469-9462-62DA5A32F50D}.AppStore|x86.Build.0 = Release|Any CPU
		{0B6E7D0B-68DA-4469-9462-62DA5A32F50D}.AppStore|x86.Deploy.0 = Release|Any CPU
		{0B6E7D0B-68DA-4469-9462-62DA5A32F50D}.Debug|Any CPU.ActiveCfg = Debug|Any CPU
		{0B6E7D0B-68DA-4469-9462-62DA5A32F50D}.Debug|Any CPU.Build.0 = Debug|Any CPU
		{0B6E7D0B-68DA-4469-9462-62DA5A32F50D}.Debug|Any CPU.Deploy.0 = Debug|Any CPU
		{0B6E7D0B-68DA-4469-9462-62DA5A32F50D}.Debug|ARM.ActiveCfg = Debug|Any CPU
		{0B6E7D0B-68DA-4469-9462-62DA5A32F50D}.Debug|ARM.Build.0 = Debug|Any CPU
		{0B6E7D0B-68DA-4469-9462-62DA5A32F50D}.Debug|ARM.Deploy.0 = Debug|Any CPU
		{0B6E7D0B-68DA-4469-9462-62DA5A32F50D}.Debug|iPhone.ActiveCfg = Debug|Any CPU
		{0B6E7D0B-68DA-4469-9462-62DA5A32F50D}.Debug|iPhone.Build.0 = Debug|Any CPU
		{0B6E7D0B-68DA-4469-9462-62DA5A32F50D}.Debug|iPhone.Deploy.0 = Debug|Any CPU
		{0B6E7D0B-68DA-4469-9462-62DA5A32F50D}.Debug|iPhoneSimulator.ActiveCfg = Debug|Any CPU
		{0B6E7D0B-68DA-4469-9462-62DA5A32F50D}.Debug|iPhoneSimulator.Build.0 = Debug|Any CPU
		{0B6E7D0B-68DA-4469-9462-62DA5A32F50D}.Debug|iPhoneSimulator.Deploy.0 = Debug|Any CPU
		{0B6E7D0B-68DA-4469-9462-62DA5A32F50D}.Debug|x64.ActiveCfg = Debug|Any CPU
		{0B6E7D0B-68DA-4469-9462-62DA5A32F50D}.Debug|x64.Build.0 = Debug|Any CPU
		{0B6E7D0B-68DA-4469-9462-62DA5A32F50D}.Debug|x64.Deploy.0 = Debug|Any CPU
		{0B6E7D0B-68DA-4469-9462-62DA5A32F50D}.Debug|x86.ActiveCfg = Debug|Any CPU
		{0B6E7D0B-68DA-4469-9462-62DA5A32F50D}.Debug|x86.Build.0 = Debug|Any CPU
		{0B6E7D0B-68DA-4469-9462-62DA5A32F50D}.Debug|x86.Deploy.0 = Debug|Any CPU
		{0B6E7D0B-68DA-4469-9462-62DA5A32F50D}.Release|Any CPU.ActiveCfg = Release|Any CPU
		{0B6E7D0B-68DA-4469-9462-62DA5A32F50D}.Release|Any CPU.Build.0 = Release|Any CPU
		{0B6E7D0B-68DA-4469-9462-62DA5A32F50D}.Release|Any CPU.Deploy.0 = Release|Any CPU
		{0B6E7D0B-68DA-4469-9462-62DA5A32F50D}.Release|ARM.ActiveCfg = Release|Any CPU
		{0B6E7D0B-68DA-4469-9462-62DA5A32F50D}.Release|ARM.Build.0 = Release|Any CPU
		{0B6E7D0B-68DA-4469-9462-62DA5A32F50D}.Release|ARM.Deploy.0 = Release|Any CPU
		{0B6E7D0B-68DA-4469-9462-62DA5A32F50D}.Release|iPhone.ActiveCfg = Release|Any CPU
		{0B6E7D0B-68DA-4469-9462-62DA5A32F50D}.Release|iPhone.Build.0 = Release|Any CPU
		{0B6E7D0B-68DA-4469-9462-62DA5A32F50D}.Release|iPhone.Deploy.0 = Release|Any CPU
		{0B6E7D0B-68DA-4469-9462-62DA5A32F50D}.Release|iPhoneSimulator.ActiveCfg = Release|Any CPU
		{0B6E7D0B-68DA-4469-9462-62DA5A32F50D}.Release|iPhoneSimulator.Build.0 = Release|Any CPU
		{0B6E7D0B-68DA-4469-9462-62DA5A32F50D}.Release|iPhoneSimulator.Deploy.0 = Release|Any CPU
		{0B6E7D0B-68DA-4469-9462-62DA5A32F50D}.Release|x64.ActiveCfg = Release|Any CPU
		{0B6E7D0B-68DA-4469-9462-62DA5A32F50D}.Release|x64.Build.0 = Release|Any CPU
		{0B6E7D0B-68DA-4469-9462-62DA5A32F50D}.Release|x64.Deploy.0 = Release|Any CPU
		{0B6E7D0B-68DA-4469-9462-62DA5A32F50D}.Release|x86.ActiveCfg = Release|Any CPU
		{0B6E7D0B-68DA-4469-9462-62DA5A32F50D}.Release|x86.Build.0 = Release|Any CPU
		{0B6E7D0B-68DA-4469-9462-62DA5A32F50D}.Release|x86.Deploy.0 = Release|Any CPU
		{3D492793-F05F-453B-83BF-935F89999E57}.Ad-Hoc|Any CPU.ActiveCfg = Ad-Hoc|iPhone
		{3D492793-F05F-453B-83BF-935F89999E57}.Ad-Hoc|Any CPU.Build.0 = Ad-Hoc|iPhone
		{3D492793-F05F-453B-83BF-935F89999E57}.Ad-Hoc|Any CPU.Deploy.0 = Ad-Hoc|iPhone
		{3D492793-F05F-453B-83BF-935F89999E57}.Ad-Hoc|ARM.ActiveCfg = Ad-Hoc|iPhone
		{3D492793-F05F-453B-83BF-935F89999E57}.Ad-Hoc|ARM.Build.0 = Ad-Hoc|iPhone
		{3D492793-F05F-453B-83BF-935F89999E57}.Ad-Hoc|ARM.Deploy.0 = Ad-Hoc|iPhone
		{3D492793-F05F-453B-83BF-935F89999E57}.Ad-Hoc|iPhone.ActiveCfg = Ad-Hoc|iPhone
		{3D492793-F05F-453B-83BF-935F89999E57}.Ad-Hoc|iPhone.Build.0 = Ad-Hoc|iPhone
		{3D492793-F05F-453B-83BF-935F89999E57}.Ad-Hoc|iPhone.Deploy.0 = Ad-Hoc|iPhone
		{3D492793-F05F-453B-83BF-935F89999E57}.Ad-Hoc|iPhoneSimulator.ActiveCfg = Ad-Hoc|iPhoneSimulator
		{3D492793-F05F-453B-83BF-935F89999E57}.Ad-Hoc|iPhoneSimulator.Build.0 = Ad-Hoc|iPhoneSimulator
		{3D492793-F05F-453B-83BF-935F89999E57}.Ad-Hoc|iPhoneSimulator.Deploy.0 = Ad-Hoc|iPhoneSimulator
		{3D492793-F05F-453B-83BF-935F89999E57}.Ad-Hoc|x64.ActiveCfg = Ad-Hoc|iPhone
		{3D492793-F05F-453B-83BF-935F89999E57}.Ad-Hoc|x64.Build.0 = Ad-Hoc|iPhone
		{3D492793-F05F-453B-83BF-935F89999E57}.Ad-Hoc|x64.Deploy.0 = Ad-Hoc|iPhone
		{3D492793-F05F-453B-83BF-935F89999E57}.Ad-Hoc|x86.ActiveCfg = Ad-Hoc|iPhone
		{3D492793-F05F-453B-83BF-935F89999E57}.Ad-Hoc|x86.Build.0 = Ad-Hoc|iPhone
		{3D492793-F05F-453B-83BF-935F89999E57}.Ad-Hoc|x86.Deploy.0 = Ad-Hoc|iPhone
		{3D492793-F05F-453B-83BF-935F89999E57}.AppStore|Any CPU.ActiveCfg = AppStore|iPhone
		{3D492793-F05F-453B-83BF-935F89999E57}.AppStore|Any CPU.Build.0 = AppStore|iPhone
		{3D492793-F05F-453B-83BF-935F89999E57}.AppStore|Any CPU.Deploy.0 = AppStore|iPhone
		{3D492793-F05F-453B-83BF-935F89999E57}.AppStore|ARM.ActiveCfg = AppStore|iPhone
		{3D492793-F05F-453B-83BF-935F89999E57}.AppStore|ARM.Build.0 = AppStore|iPhone
		{3D492793-F05F-453B-83BF-935F89999E57}.AppStore|ARM.Deploy.0 = AppStore|iPhone
		{3D492793-F05F-453B-83BF-935F89999E57}.AppStore|iPhone.ActiveCfg = AppStore|iPhone
		{3D492793-F05F-453B-83BF-935F89999E57}.AppStore|iPhone.Build.0 = AppStore|iPhone
		{3D492793-F05F-453B-83BF-935F89999E57}.AppStore|iPhone.Deploy.0 = AppStore|iPhone
		{3D492793-F05F-453B-83BF-935F89999E57}.AppStore|iPhoneSimulator.ActiveCfg = AppStore|iPhoneSimulator
		{3D492793-F05F-453B-83BF-935F89999E57}.AppStore|iPhoneSimulator.Build.0 = AppStore|iPhoneSimulator
		{3D492793-F05F-453B-83BF-935F89999E57}.AppStore|iPhoneSimulator.Deploy.0 = AppStore|iPhoneSimulator
		{3D492793-F05F-453B-83BF-935F89999E57}.AppStore|x64.ActiveCfg = AppStore|iPhone
		{3D492793-F05F-453B-83BF-935F89999E57}.AppStore|x64.Build.0 = AppStore|iPhone
		{3D492793-F05F-453B-83BF-935F89999E57}.AppStore|x64.Deploy.0 = AppStore|iPhone
		{3D492793-F05F-453B-83BF-935F89999E57}.AppStore|x86.ActiveCfg = AppStore|iPhone
		{3D492793-F05F-453B-83BF-935F89999E57}.AppStore|x86.Build.0 = AppStore|iPhone
		{3D492793-F05F-453B-83BF-935F89999E57}.AppStore|x86.Deploy.0 = AppStore|iPhone
		{3D492793-F05F-453B-83BF-935F89999E57}.Debug|Any CPU.ActiveCfg = Debug|iPhoneSimulator
		{3D492793-F05F-453B-83BF-935F89999E57}.Debug|Any CPU.Build.0 = Debug|iPhoneSimulator
		{3D492793-F05F-453B-83BF-935F89999E57}.Debug|Any CPU.Deploy.0 = Debug|iPhoneSimulator
		{3D492793-F05F-453B-83BF-935F89999E57}.Debug|ARM.ActiveCfg = Debug|iPhone
		{3D492793-F05F-453B-83BF-935F89999E57}.Debug|ARM.Build.0 = Debug|iPhone
		{3D492793-F05F-453B-83BF-935F89999E57}.Debug|ARM.Deploy.0 = Debug|iPhone
		{3D492793-F05F-453B-83BF-935F89999E57}.Debug|iPhone.ActiveCfg = Debug|iPhone
		{3D492793-F05F-453B-83BF-935F89999E57}.Debug|iPhone.Build.0 = Debug|iPhone
		{3D492793-F05F-453B-83BF-935F89999E57}.Debug|iPhone.Deploy.0 = Debug|iPhone
		{3D492793-F05F-453B-83BF-935F89999E57}.Debug|iPhoneSimulator.ActiveCfg = Debug|iPhoneSimulator
		{3D492793-F05F-453B-83BF-935F89999E57}.Debug|iPhoneSimulator.Build.0 = Debug|iPhoneSimulator
		{3D492793-F05F-453B-83BF-935F89999E57}.Debug|iPhoneSimulator.Deploy.0 = Debug|iPhoneSimulator
		{3D492793-F05F-453B-83BF-935F89999E57}.Debug|x64.ActiveCfg = Debug|iPhone
		{3D492793-F05F-453B-83BF-935F89999E57}.Debug|x64.Build.0 = Debug|iPhone
		{3D492793-F05F-453B-83BF-935F89999E57}.Debug|x64.Deploy.0 = Debug|iPhone
		{3D492793-F05F-453B-83BF-935F89999E57}.Debug|x86.ActiveCfg = Debug|iPhone
		{3D492793-F05F-453B-83BF-935F89999E57}.Debug|x86.Build.0 = Debug|iPhone
		{3D492793-F05F-453B-83BF-935F89999E57}.Debug|x86.Deploy.0 = Debug|iPhone
		{3D492793-F05F-453B-83BF-935F89999E57}.Release|Any CPU.ActiveCfg = Release|iPhone
		{3D492793-F05F-453B-83BF-935F89999E57}.Release|Any CPU.Build.0 = Release|iPhone
		{3D492793-F05F-453B-83BF-935F89999E57}.Release|Any CPU.Deploy.0 = Release|iPhone
		{3D492793-F05F-453B-83BF-935F89999E57}.Release|ARM.ActiveCfg = Release|iPhone
		{3D492793-F05F-453B-83BF-935F89999E57}.Release|ARM.Build.0 = Release|iPhone
		{3D492793-F05F-453B-83BF-935F89999E57}.Release|ARM.Deploy.0 = Release|iPhone
		{3D492793-F05F-453B-83BF-935F89999E57}.Release|iPhone.ActiveCfg = Release|iPhone
		{3D492793-F05F-453B-83BF-935F89999E57}.Release|iPhone.Build.0 = Release|iPhone
		{3D492793-F05F-453B-83BF-935F89999E57}.Release|iPhone.Deploy.0 = Release|iPhone
		{3D492793-F05F-453B-83BF-935F89999E57}.Release|iPhoneSimulator.ActiveCfg = Release|iPhoneSimulator
		{3D492793-F05F-453B-83BF-935F89999E57}.Release|iPhoneSimulator.Build.0 = Release|iPhoneSimulator
		{3D492793-F05F-453B-83BF-935F89999E57}.Release|iPhoneSimulator.Deploy.0 = Release|iPhoneSimulator
		{3D492793-F05F-453B-83BF-935F89999E57}.Release|x64.ActiveCfg = Release|iPhone
		{3D492793-F05F-453B-83BF-935F89999E57}.Release|x64.Build.0 = Release|iPhone
		{3D492793-F05F-453B-83BF-935F89999E57}.Release|x64.Deploy.0 = Release|iPhone
		{3D492793-F05F-453B-83BF-935F89999E57}.Release|x86.ActiveCfg = Release|iPhone
		{3D492793-F05F-453B-83BF-935F89999E57}.Release|x86.Build.0 = Release|iPhone
		{3D492793-F05F-453B-83BF-935F89999E57}.Release|x86.Deploy.0 = Release|iPhone
		{AF584941-5FC8-400D-9455-367344A7611A}.Ad-Hoc|Any CPU.ActiveCfg = Release|x86
		{AF584941-5FC8-400D-9455-367344A7611A}.Ad-Hoc|Any CPU.Build.0 = Release|x86
		{AF584941-5FC8-400D-9455-367344A7611A}.Ad-Hoc|Any CPU.Deploy.0 = Release|x86
		{AF584941-5FC8-400D-9455-367344A7611A}.Ad-Hoc|ARM.ActiveCfg = Release|ARM
		{AF584941-5FC8-400D-9455-367344A7611A}.Ad-Hoc|ARM.Build.0 = Release|ARM
		{AF584941-5FC8-400D-9455-367344A7611A}.Ad-Hoc|ARM.Deploy.0 = Release|ARM
		{AF584941-5FC8-400D-9455-367344A7611A}.Ad-Hoc|iPhone.ActiveCfg = Release|x86
		{AF584941-5FC8-400D-9455-367344A7611A}.Ad-Hoc|iPhone.Build.0 = Release|x86
		{AF584941-5FC8-400D-9455-367344A7611A}.Ad-Hoc|iPhone.Deploy.0 = Release|x86
		{AF584941-5FC8-400D-9455-367344A7611A}.Ad-Hoc|iPhoneSimulator.ActiveCfg = Release|x86
		{AF584941-5FC8-400D-9455-367344A7611A}.Ad-Hoc|iPhoneSimulator.Build.0 = Release|x86
		{AF584941-5FC8-400D-9455-367344A7611A}.Ad-Hoc|iPhoneSimulator.Deploy.0 = Release|x86
		{AF584941-5FC8-400D-9455-367344A7611A}.Ad-Hoc|x64.ActiveCfg = Release|x64
		{AF584941-5FC8-400D-9455-367344A7611A}.Ad-Hoc|x64.Build.0 = Release|x64
		{AF584941-5FC8-400D-9455-367344A7611A}.Ad-Hoc|x64.Deploy.0 = Release|x64
		{AF584941-5FC8-400D-9455-367344A7611A}.Ad-Hoc|x86.ActiveCfg = Release|x86
		{AF584941-5FC8-400D-9455-367344A7611A}.Ad-Hoc|x86.Build.0 = Release|x86
		{AF584941-5FC8-400D-9455-367344A7611A}.Ad-Hoc|x86.Deploy.0 = Release|x86
		{AF584941-5FC8-400D-9455-367344A7611A}.AppStore|Any CPU.ActiveCfg = Release|x86
		{AF584941-5FC8-400D-9455-367344A7611A}.AppStore|Any CPU.Build.0 = Release|x86
		{AF584941-5FC8-400D-9455-367344A7611A}.AppStore|Any CPU.Deploy.0 = Release|x86
		{AF584941-5FC8-400D-9455-367344A7611A}.AppStore|ARM.ActiveCfg = Release|ARM
		{AF584941-5FC8-400D-9455-367344A7611A}.AppStore|ARM.Build.0 = Release|ARM
		{AF584941-5FC8-400D-9455-367344A7611A}.AppStore|ARM.Deploy.0 = Release|ARM
		{AF584941-5FC8-400D-9455-367344A7611A}.AppStore|iPhone.ActiveCfg = Release|x86
		{AF584941-5FC8-400D-9455-367344A7611A}.AppStore|iPhone.Build.0 = Release|x86
		{AF584941-5FC8-400D-9455-367344A7611A}.AppStore|iPhone.Deploy.0 = Release|x86
		{AF584941-5FC8-400D-9455-367344A7611A}.AppStore|iPhoneSimulator.ActiveCfg = Release|x86
		{AF584941-5FC8-400D-9455-367344A7611A}.AppStore|iPhoneSimulator.Build.0 = Release|x86
		{AF584941-5FC8-400D-9455-367344A7611A}.AppStore|iPhoneSimulator.Deploy.0 = Release|x86
		{AF584941-5FC8-400D-9455-367344A7611A}.AppStore|x64.ActiveCfg = Release|x64
		{AF584941-5FC8-400D-9455-367344A7611A}.AppStore|x64.Build.0 = Release|x64
		{AF584941-5FC8-400D-9455-367344A7611A}.AppStore|x64.Deploy.0 = Release|x64
		{AF584941-5FC8-400D-9455-367344A7611A}.AppStore|x86.ActiveCfg = Release|x86
		{AF584941-5FC8-400D-9455-367344A7611A}.AppStore|x86.Build.0 = Release|x86
		{AF584941-5FC8-400D-9455-367344A7611A}.AppStore|x86.Deploy.0 = Release|x86
		{AF584941-5FC8-400D-9455-367344A7611A}.Debug|Any CPU.ActiveCfg = Debug|x86
		{AF584941-5FC8-400D-9455-367344A7611A}.Debug|Any CPU.Build.0 = Debug|x86
		{AF584941-5FC8-400D-9455-367344A7611A}.Debug|Any CPU.Deploy.0 = Debug|x86
		{AF584941-5FC8-400D-9455-367344A7611A}.Debug|ARM.ActiveCfg = Debug|ARM
		{AF584941-5FC8-400D-9455-367344A7611A}.Debug|ARM.Build.0 = Debug|ARM
		{AF584941-5FC8-400D-9455-367344A7611A}.Debug|ARM.Deploy.0 = Debug|ARM
		{AF584941-5FC8-400D-9455-367344A7611A}.Debug|iPhone.ActiveCfg = Debug|x86
		{AF584941-5FC8-400D-9455-367344A7611A}.Debug|iPhone.Build.0 = Debug|x86
		{AF584941-5FC8-400D-9455-367344A7611A}.Debug|iPhone.Deploy.0 = Debug|x86
		{AF584941-5FC8-400D-9455-367344A7611A}.Debug|iPhoneSimulator.ActiveCfg = Debug|x86
		{AF584941-5FC8-400D-9455-367344A7611A}.Debug|iPhoneSimulator.Build.0 = Debug|x86
		{AF584941-5FC8-400D-9455-367344A7611A}.Debug|iPhoneSimulator.Deploy.0 = Debug|x86
		{AF584941-5FC8-400D-9455-367344A7611A}.Debug|x64.ActiveCfg = Debug|x64
		{AF584941-5FC8-400D-9455-367344A7611A}.Debug|x64.Build.0 = Debug|x64
		{AF584941-5FC8-400D-9455-367344A7611A}.Debug|x64.Deploy.0 = Debug|x64
		{AF584941-5FC8-400D-9455-367344A7611A}.Debug|x86.ActiveCfg = Debug|x86
		{AF584941-5FC8-400D-9455-367344A7611A}.Debug|x86.Build.0 = Debug|x86
		{AF584941-5FC8-400D-9455-367344A7611A}.Debug|x86.Deploy.0 = Debug|x86
		{AF584941-5FC8-400D-9455-367344A7611A}.Release|Any CPU.ActiveCfg = Release|x86
		{AF584941-5FC8-400D-9455-367344A7611A}.Release|Any CPU.Build.0 = Release|x86
		{AF584941-5FC8-400D-9455-367344A7611A}.Release|Any CPU.Deploy.0 = Release|x86
		{AF584941-5FC8-400D-9455-367344A7611A}.Release|ARM.ActiveCfg = Release|ARM
		{AF584941-5FC8-400D-9455-367344A7611A}.Release|ARM.Build.0 = Release|ARM
		{AF584941-5FC8-400D-9455-367344A7611A}.Release|ARM.Deploy.0 = Release|ARM
		{AF584941-5FC8-400D-9455-367344A7611A}.Release|iPhone.ActiveCfg = Release|x86
		{AF584941-5FC8-400D-9455-367344A7611A}.Release|iPhone.Build.0 = Release|x86
		{AF584941-5FC8-400D-9455-367344A7611A}.Release|iPhone.Deploy.0 = Release|x86
		{AF584941-5FC8-400D-9455-367344A7611A}.Release|iPhoneSimulator.ActiveCfg = Release|x86
		{AF584941-5FC8-400D-9455-367344A7611A}.Release|iPhoneSimulator.Build.0 = Release|x86
		{AF584941-5FC8-400D-9455-367344A7611A}.Release|iPhoneSimulator.Deploy.0 = Release|x86
		{AF584941-5FC8-400D-9455-367344A7611A}.Release|x64.ActiveCfg = Release|x64
		{AF584941-5FC8-400D-9455-367344A7611A}.Release|x64.Build.0 = Release|x64
		{AF584941-5FC8-400D-9455-367344A7611A}.Release|x64.Deploy.0 = Release|x64
		{AF584941-5FC8-400D-9455-367344A7611A}.Release|x86.ActiveCfg = Release|x86
		{AF584941-5FC8-400D-9455-367344A7611A}.Release|x86.Build.0 = Release|x86
		{AF584941-5FC8-400D-9455-367344A7611A}.Release|x86.Deploy.0 = Release|x86
		{68DD05E6-D918-40DD-9E96-5DB6C6DF71F0}.Ad-Hoc|Any CPU.ActiveCfg = Debug|Any CPU
		{68DD05E6-D918-40DD-9E96-5DB6C6DF71F0}.Ad-Hoc|Any CPU.Build.0 = Debug|Any CPU
		{68DD05E6-D918-40DD-9E96-5DB6C6DF71F0}.Ad-Hoc|Any CPU.Deploy.0 = Debug|Any CPU
		{68DD05E6-D918-40DD-9E96-5DB6C6DF71F0}.Ad-Hoc|ARM.ActiveCfg = Debug|Any CPU
		{68DD05E6-D918-40DD-9E96-5DB6C6DF71F0}.Ad-Hoc|ARM.Build.0 = Debug|Any CPU
		{68DD05E6-D918-40DD-9E96-5DB6C6DF71F0}.Ad-Hoc|ARM.Deploy.0 = Debug|Any CPU
		{68DD05E6-D918-40DD-9E96-5DB6C6DF71F0}.Ad-Hoc|iPhone.ActiveCfg = Debug|Any CPU
		{68DD05E6-D918-40DD-9E96-5DB6C6DF71F0}.Ad-Hoc|iPhone.Build.0 = Debug|Any CPU
		{68DD05E6-D918-40DD-9E96-5DB6C6DF71F0}.Ad-Hoc|iPhone.Deploy.0 = Debug|Any CPU
		{68DD05E6-D918-40DD-9E96-5DB6C6DF71F0}.Ad-Hoc|iPhoneSimulator.ActiveCfg = Debug|Any CPU
		{68DD05E6-D918-40DD-9E96-5DB6C6DF71F0}.Ad-Hoc|iPhoneSimulator.Build.0 = Debug|Any CPU
		{68DD05E6-D918-40DD-9E96-5DB6C6DF71F0}.Ad-Hoc|iPhoneSimulator.Deploy.0 = Debug|Any CPU
		{68DD05E6-D918-40DD-9E96-5DB6C6DF71F0}.Ad-Hoc|x64.ActiveCfg = Debug|Any CPU
		{68DD05E6-D918-40DD-9E96-5DB6C6DF71F0}.Ad-Hoc|x64.Build.0 = Debug|Any CPU
		{68DD05E6-D918-40DD-9E96-5DB6C6DF71F0}.Ad-Hoc|x64.Deploy.0 = Debug|Any CPU
		{68DD05E6-D918-40DD-9E96-5DB6C6DF71F0}.Ad-Hoc|x86.ActiveCfg = Debug|Any CPU
		{68DD05E6-D918-40DD-9E96-5DB6C6DF71F0}.Ad-Hoc|x86.Build.0 = Debug|Any CPU
		{68DD05E6-D918-40DD-9E96-5DB6C6DF71F0}.Ad-Hoc|x86.Deploy.0 = Debug|Any CPU
		{68DD05E6-D918-40DD-9E96-5DB6C6DF71F0}.AppStore|Any CPU.ActiveCfg = Debug|Any CPU
		{68DD05E6-D918-40DD-9E96-5DB6C6DF71F0}.AppStore|Any CPU.Build.0 = Debug|Any CPU
		{68DD05E6-D918-40DD-9E96-5DB6C6DF71F0}.AppStore|Any CPU.Deploy.0 = Debug|Any CPU
		{68DD05E6-D918-40DD-9E96-5DB6C6DF71F0}.AppStore|ARM.ActiveCfg = Debug|Any CPU
		{68DD05E6-D918-40DD-9E96-5DB6C6DF71F0}.AppStore|ARM.Build.0 = Debug|Any CPU
		{68DD05E6-D918-40DD-9E96-5DB6C6DF71F0}.AppStore|ARM.Deploy.0 = Debug|Any CPU
		{68DD05E6-D918-40DD-9E96-5DB6C6DF71F0}.AppStore|iPhone.ActiveCfg = Debug|Any CPU
		{68DD05E6-D918-40DD-9E96-5DB6C6DF71F0}.AppStore|iPhone.Build.0 = Debug|Any CPU
		{68DD05E6-D918-40DD-9E96-5DB6C6DF71F0}.AppStore|iPhone.Deploy.0 = Debug|Any CPU
		{68DD05E6-D918-40DD-9E96-5DB6C6DF71F0}.AppStore|iPhoneSimulator.ActiveCfg = Debug|Any CPU
		{68DD05E6-D918-40DD-9E96-5DB6C6DF71F0}.AppStore|iPhoneSimulator.Build.0 = Debug|Any CPU
		{68DD05E6-D918-40DD-9E96-5DB6C6DF71F0}.AppStore|iPhoneSimulator.Deploy.0 = Debug|Any CPU
		{68DD05E6-D918-40DD-9E96-5DB6C6DF71F0}.AppStore|x64.ActiveCfg = Debug|Any CPU
		{68DD05E6-D918-40DD-9E96-5DB6C6DF71F0}.AppStore|x64.Build.0 = Debug|Any CPU
		{68DD05E6-D918-40DD-9E96-5DB6C6DF71F0}.AppStore|x64.Deploy.0 = Debug|Any CPU
		{68DD05E6-D918-40DD-9E96-5DB6C6DF71F0}.AppStore|x86.ActiveCfg = Debug|Any CPU
		{68DD05E6-D918-40DD-9E96-5DB6C6DF71F0}.AppStore|x86.Build.0 = Debug|Any CPU
		{68DD05E6-D918-40DD-9E96-5DB6C6DF71F0}.AppStore|x86.Deploy.0 = Debug|Any CPU
		{68DD05E6-D918-40DD-9E96-5DB6C6DF71F0}.Debug|Any CPU.ActiveCfg = Debug|Any CPU
		{68DD05E6-D918-40DD-9E96-5DB6C6DF71F0}.Debug|Any CPU.Build.0 = Debug|Any CPU
		{68DD05E6-D918-40DD-9E96-5DB6C6DF71F0}.Debug|Any CPU.Deploy.0 = Debug|Any CPU
		{68DD05E6-D918-40DD-9E96-5DB6C6DF71F0}.Debug|ARM.ActiveCfg = Debug|Any CPU
		{68DD05E6-D918-40DD-9E96-5DB6C6DF71F0}.Debug|ARM.Build.0 = Debug|Any CPU
		{68DD05E6-D918-40DD-9E96-5DB6C6DF71F0}.Debug|ARM.Deploy.0 = Debug|Any CPU
		{68DD05E6-D918-40DD-9E96-5DB6C6DF71F0}.Debug|iPhone.ActiveCfg = Debug|Any CPU
		{68DD05E6-D918-40DD-9E96-5DB6C6DF71F0}.Debug|iPhone.Build.0 = Debug|Any CPU
		{68DD05E6-D918-40DD-9E96-5DB6C6DF71F0}.Debug|iPhone.Deploy.0 = Debug|Any CPU
		{68DD05E6-D918-40DD-9E96-5DB6C6DF71F0}.Debug|iPhoneSimulator.ActiveCfg = Debug|Any CPU
		{68DD05E6-D918-40DD-9E96-5DB6C6DF71F0}.Debug|iPhoneSimulator.Build.0 = Debug|Any CPU
		{68DD05E6-D918-40DD-9E96-5DB6C6DF71F0}.Debug|iPhoneSimulator.Deploy.0 = Debug|Any CPU
		{68DD05E6-D918-40DD-9E96-5DB6C6DF71F0}.Debug|x64.ActiveCfg = Debug|Any CPU
		{68DD05E6-D918-40DD-9E96-5DB6C6DF71F0}.Debug|x64.Build.0 = Debug|Any CPU
		{68DD05E6-D918-40DD-9E96-5DB6C6DF71F0}.Debug|x64.Deploy.0 = Debug|Any CPU
		{68DD05E6-D918-40DD-9E96-5DB6C6DF71F0}.Debug|x86.ActiveCfg = Debug|Any CPU
		{68DD05E6-D918-40DD-9E96-5DB6C6DF71F0}.Debug|x86.Build.0 = Debug|Any CPU
		{68DD05E6-D918-40DD-9E96-5DB6C6DF71F0}.Debug|x86.Deploy.0 = Debug|Any CPU
		{68DD05E6-D918-40DD-9E96-5DB6C6DF71F0}.Release|Any CPU.ActiveCfg = Release|Any CPU
		{68DD05E6-D918-40DD-9E96-5DB6C6DF71F0}.Release|Any CPU.Build.0 = Release|Any CPU
		{68DD05E6-D918-40DD-9E96-5DB6C6DF71F0}.Release|Any CPU.Deploy.0 = Release|Any CPU
		{68DD05E6-D918-40DD-9E96-5DB6C6DF71F0}.Release|ARM.ActiveCfg = Release|Any CPU
		{68DD05E6-D918-40DD-9E96-5DB6C6DF71F0}.Release|ARM.Build.0 = Release|Any CPU
		{68DD05E6-D918-40DD-9E96-5DB6C6DF71F0}.Release|ARM.Deploy.0 = Release|Any CPU
		{68DD05E6-D918-40DD-9E96-5DB6C6DF71F0}.Release|iPhone.ActiveCfg = Release|Any CPU
		{68DD05E6-D918-40DD-9E96-5DB6C6DF71F0}.Release|iPhone.Build.0 = Release|Any CPU
		{68DD05E6-D918-40DD-9E96-5DB6C6DF71F0}.Release|iPhone.Deploy.0 = Release|Any CPU
		{68DD05E6-D918-40DD-9E96-5DB6C6DF71F0}.Release|iPhoneSimulator.ActiveCfg = Release|Any CPU
		{68DD05E6-D918-40DD-9E96-5DB6C6DF71F0}.Release|iPhoneSimulator.Build.0 = Release|Any CPU
		{68DD05E6-D918-40DD-9E96-5DB6C6DF71F0}.Release|iPhoneSimulator.Deploy.0 = Release|Any CPU
		{68DD05E6-D918-40DD-9E96-5DB6C6DF71F0}.Release|x64.ActiveCfg = Release|Any CPU
		{68DD05E6-D918-40DD-9E96-5DB6C6DF71F0}.Release|x64.Build.0 = Release|Any CPU
		{68DD05E6-D918-40DD-9E96-5DB6C6DF71F0}.Release|x64.Deploy.0 = Release|Any CPU
		{68DD05E6-D918-40DD-9E96-5DB6C6DF71F0}.Release|x86.ActiveCfg = Release|Any CPU
		{68DD05E6-D918-40DD-9E96-5DB6C6DF71F0}.Release|x86.Build.0 = Release|Any CPU
		{68DD05E6-D918-40DD-9E96-5DB6C6DF71F0}.Release|x86.Deploy.0 = Release|Any CPU
	EndGlobalSection
	GlobalSection(SolutionProperties) = preSolution
		HideSolutionNode = FALSE
	EndGlobalSection
	GlobalSection(ExtensibilityGlobals) = postSolution
		SolutionGuid = {7E8EE5DB-E089-415B-8A83-E450F025616D}
	EndGlobalSection
EndGlobal
